
Microsoft Visual Studio Solution File, Format Version 12.00
# Visual Studio 15
VisualStudioVersion = 15.0.28307.779
MinimumVisualStudioVersion = 10.0.40219.1
Project("{FAE04EC0-301F-11D3-BF4B-00C04F79EFBC}") = "InterviewCodilitytcst", "InterviewCodilitytcst\InterviewCodilitytcst.csproj", "{4F55CC89-B5C9-4E0B-A615-57F788BA8110}"
EndProject
Project("{FAE04EC0-301F-11D3-BF4B-00C04F79EFBC}") = "UnitTestProject1", "UnitTestProject1\UnitTestProject1.csproj", "{23681057-9F46-4312-9DC7-FA8696F36F2C}"
EndProject
Global
	GlobalSection(SolutionConfigurationPlatforms) = preSolution
		Debug|Any CPU = Debug|Any CPU
		Release|Any CPU = Release|Any CPU
	EndGlobalSection
	GlobalSection(ProjectConfigurationPlatforms) = postSolution
		{4F55CC89-B5C9-4E0B-A615-57F788BA8110}.Debug|Any CPU.ActiveCfg = Debug|Any CPU
		{4F55CC89-B5C9-4E0B-A615-57F788BA8110}.Debug|Any CPU.Build.0 = Debug|Any CPU
		{4F55CC89-B5C9-4E0B-A615-57F788BA8110}.Release|Any CPU.ActiveCfg = Release|Any CPU
		{4F55CC89-B5C9-4E0B-A615-57F788BA8110}.Release|Any CPU.Build.0 = Release|Any CPU
		{23681057-9F46-4312-9DC7-FA8696F36F2C}.Debug|Any CPU.ActiveCfg = Debug|Any CPU
		{23681057-9F46-4312-9DC7-FA8696F36F2C}.Debug|Any CPU.Build.0 = Debug|Any CPU
		{23681057-9F46-4312-9DC7-FA8696F36F2C}.Release|Any CPU.ActiveCfg = Release|Any CPU
		{23681057-9F46-4312-9DC7-FA8696F36F2C}.Release|Any CPU.Build.0 = Release|Any CPU
	EndGlobalSection
	GlobalSection(SolutionProperties) = preSolution
		HideSolutionNode = FALSE
	EndGlobalSection
	GlobalSection(ExtensibilityGlobals) = postSolution
		SolutionGuid = {3E0D7F39-5A89-4D7A-AB58-596D7A8CF7DE}
	EndGlobalSection
EndGlobal
